
Microsoft Visual Studio Solution File, Format Version 12.00
# Visual Studio Version 16
VisualStudioVersion = 16.0.809.10
MinimumVisualStudioVersion = 10.0.40219.1
Project("{FAE04EC0-301F-11D3-BF4B-00C04F79EFBC}") = "Web1001HW1", "Web1001HW1\Web1001HW1.csproj", "{BAA80410-8770-4A02-A4FA-7D59D96BA45D}"
EndProject
Global
	GlobalSection(SolutionConfigurationPlatforms) = preSolution
		Debug|Any CPU = Debug|Any CPU
		Release|Any CPU = Release|Any CPU
	EndGlobalSection
	GlobalSection(ProjectConfigurationPlatforms) = postSolution
		{BAA80410-8770-4A02-A4FA-7D59D96BA45D}.Debug|Any CPU.ActiveCfg = Debug|Any CPU
		{BAA80410-8770-4A02-A4FA-7D59D96BA45D}.Debug|Any CPU.Build.0 = Debug|Any CPU
		{BAA80410-8770-4A02-A4FA-7D59D96BA45D}.Release|Any CPU.ActiveCfg = Release|Any CPU
		{BAA80410-8770-4A02-A4FA-7D59D96BA45D}.Release|Any CPU.Build.0 = Release|Any CPU
	EndGlobalSection
	GlobalSection(SolutionProperties) = preSolution
		HideSolutionNode = FALSE
	EndGlobalSection
	GlobalSection(ExtensibilityGlobals) = postSolution
		SolutionGuid = {1C25D6AF-3F69-4D57-AF0D-7DD35770F94E}
	EndGlobalSection
EndGlobal
